
Microsoft Visual Studio Solution File, Format Version 12.00
# Visual Studio 15
VisualStudioVersion = 15.0.27703.2047
MinimumVisualStudioVersion = 10.0.40219.1
Project("{2150E333-8FDC-42A3-9474-1A3956D46DE8}") = "Core", "Core", "{48ADC814-6CB3-4AC4-8425-AD7D1CA0521B}"
EndProject
Project("{FAE04EC0-301F-11D3-BF4B-00C04F79EFBC}") = "Cust.Core", "Cust.Core\Cust.Core.csproj", "{5D5A076F-0FD1-4E1E-929C-B6CC95BA6C24}"
EndProject
Project("{FAE04EC0-301F-11D3-BF4B-00C04F79EFBC}") = "Cust.Core.Entity", "Cust.Core.Entity\Cust.Core.Entity.csproj", "{444E4565-014F-492A-B5A8-3A1CB18AAAC1}"
EndProject
Project("{2150E333-8FDC-42A3-9474-1A3956D46DE8}") = "Infrastructure", "Infrastructure", "{A72AE159-EFBB-4000-B6A1-BFDE18FCE1CF}"
EndProject
Project("{FAE04EC0-301F-11D3-BF4B-00C04F79EFBC}") = "Cust.Infrastructure.Data", "Cust.Infrastructure.Data\Cust.Infrastructure.Data.csproj", "{48ADD1A7-AE74-4480-9CB1-65E53E5C5D82}"
EndProject
Project("{2150E333-8FDC-42A3-9474-1A3956D46DE8}") = "Client", "Client", "{FCF9D3BE-7C95-4536-8EE9-295E76D48C79}"
EndProject
Project("{FAE04EC0-301F-11D3-BF4B-00C04F79EFBC}") = "Cust.RestAPI", "Cust.RestAPI\Cust.RestAPI.csproj", "{1CEC9665-1F9D-4952-A7BB-627157F40273}"
EndProject
Global
	GlobalSection(SolutionConfigurationPlatforms) = preSolution
		Debug|Any CPU = Debug|Any CPU
		Release|Any CPU = Release|Any CPU
	EndGlobalSection
	GlobalSection(ProjectConfigurationPlatforms) = postSolution
		{5D5A076F-0FD1-4E1E-929C-B6CC95BA6C24}.Debug|Any CPU.ActiveCfg = Debug|Any CPU
		{5D5A076F-0FD1-4E1E-929C-B6CC95BA6C24}.Debug|Any CPU.Build.0 = Debug|Any CPU
		{5D5A076F-0FD1-4E1E-929C-B6CC95BA6C24}.Release|Any CPU.ActiveCfg = Release|Any CPU
		{5D5A076F-0FD1-4E1E-929C-B6CC95BA6C24}.Release|Any CPU.Build.0 = Release|Any CPU
		{444E4565-014F-492A-B5A8-3A1CB18AAAC1}.Debug|Any CPU.ActiveCfg = Debug|Any CPU
		{444E4565-014F-492A-B5A8-3A1CB18AAAC1}.Debug|Any CPU.Build.0 = Debug|Any CPU
		{444E4565-014F-492A-B5A8-3A1CB18AAAC1}.Release|Any CPU.ActiveCfg = Release|Any CPU
		{444E4565-014F-492A-B5A8-3A1CB18AAAC1}.Release|Any CPU.Build.0 = Release|Any CPU
		{48ADD1A7-AE74-4480-9CB1-65E53E5C5D82}.Debug|Any CPU.ActiveCfg = Debug|Any CPU
		{48ADD1A7-AE74-4480-9CB1-65E53E5C5D82}.Debug|Any CPU.Build.0 = Debug|Any CPU
		{48ADD1A7-AE74-4480-9CB1-65E53E5C5D82}.Release|Any CPU.ActiveCfg = Release|Any CPU
		{48ADD1A7-AE74-4480-9CB1-65E53E5C5D82}.Release|Any CPU.Build.0 = Release|Any CPU
		{1CEC9665-1F9D-4952-A7BB-627157F40273}.Debug|Any CPU.ActiveCfg = Debug|Any CPU
		{1CEC9665-1F9D-4952-A7BB-627157F40273}.Debug|Any CPU.Build.0 = Debug|Any CPU
		{1CEC9665-1F9D-4952-A7BB-627157F40273}.Release|Any CPU.ActiveCfg = Release|Any CPU
		{1CEC9665-1F9D-4952-A7BB-627157F40273}.Release|Any CPU.Build.0 = Release|Any CPU
	EndGlobalSection
	GlobalSection(SolutionProperties) = preSolution
		HideSolutionNode = FALSE
	EndGlobalSection
	GlobalSection(NestedProjects) = preSolution
		{5D5A076F-0FD1-4E1E-929C-B6CC95BA6C24} = {48ADC814-6CB3-4AC4-8425-AD7D1CA0521B}
		{444E4565-014F-492A-B5A8-3A1CB18AAAC1} = {48ADC814-6CB3-4AC4-8425-AD7D1CA0521B}
		{48ADD1A7-AE74-4480-9CB1-65E53E5C5D82} = {A72AE159-EFBB-4000-B6A1-BFDE18FCE1CF}
		{1CEC9665-1F9D-4952-A7BB-627157F40273} = {FCF9D3BE-7C95-4536-8EE9-295E76D48C79}
	EndGlobalSection
	GlobalSection(ExtensibilityGlobals) = postSolution
		SolutionGuid = {308E0651-336F-48EB-952D-56860D516B18}
	EndGlobalSection
EndGlobal
